
Microsoft Visual Studio Solution File, Format Version 12.00
# Visual Studio 2013
VisualStudioVersion = 12.0.40629.0
MinimumVisualStudioVersion = 10.0.40219.1
Project("{FAE04EC0-301F-11D3-BF4B-00C04F79EFBC}") = "LegoGeometryViewer", "LegoGeometryViewer\LegoGeometryViewer.csproj", "{6C2585E6-A4BC-48AF-B706-A1BC02E10250}"
	ProjectSection(ProjectDependencies) = postProject
		{27AC1027-1DE4-45DF-884B-92D8526BB1D4} = {27AC1027-1DE4-45DF-884B-92D8526BB1D4}
		{CE03CD48-F5A4-47D4-9440-88604DCD8624} = {CE03CD48-F5A4-47D4-9440-88604DCD8624}
	EndProjectSection
EndProject
Project("{FAE04EC0-301F-11D3-BF4B-00C04F79EFBC}") = "GXLib", "GXLib\GXLib.csproj", "{77E6A958-B01F-410A-B286-2F4CA3BFC04A}"
EndProject
Project("{FAE04EC0-301F-11D3-BF4B-00C04F79EFBC}") = "LXFLib", "LXFLib\LXFLib.csproj", "{27AC1027-1DE4-45DF-884B-92D8526BB1D4}"
	ProjectSection(ProjectDependencies) = postProject
		{77E6A958-B01F-410A-B286-2F4CA3BFC04A} = {77E6A958-B01F-410A-B286-2F4CA3BFC04A}
	EndProjectSection
EndProject
Project("{FAE04EC0-301F-11D3-BF4B-00C04F79EFBC}") = "OBLExporter", "OBLExporter\OBLExporter.csproj", "{CE03CD48-F5A4-47D4-9440-88604DCD8624}"
	ProjectSection(ProjectDependencies) = postProject
		{27AC1027-1DE4-45DF-884B-92D8526BB1D4} = {27AC1027-1DE4-45DF-884B-92D8526BB1D4}
		{77E6A958-B01F-410A-B286-2F4CA3BFC04A} = {77E6A958-B01F-410A-B286-2F4CA3BFC04A}
	EndProjectSection
EndProject
Project("{FAE04EC0-301F-11D3-BF4B-00C04F79EFBC}") = "LegoGeometryExporter", "LegoGeometryExporter\LegoGeometryExporter.csproj", "{EBCA65E2-414A-46B1-A170-8E6B8D1F93DD}"
EndProject
Global
	GlobalSection(SolutionConfigurationPlatforms) = preSolution
		Debug|Any CPU = Debug|Any CPU
		Debug|Mixed Platforms = Debug|Mixed Platforms
		Debug|x86 = Debug|x86
		Release|Any CPU = Release|Any CPU
		Release|Mixed Platforms = Release|Mixed Platforms
		Release|x86 = Release|x86
	EndGlobalSection
	GlobalSection(ProjectConfigurationPlatforms) = postSolution
		{6C2585E6-A4BC-48AF-B706-A1BC02E10250}.Debug|Any CPU.ActiveCfg = Debug|x86
		{6C2585E6-A4BC-48AF-B706-A1BC02E10250}.Debug|Mixed Platforms.ActiveCfg = Debug|x86
		{6C2585E6-A4BC-48AF-B706-A1BC02E10250}.Debug|Mixed Platforms.Build.0 = Debug|x86
		{6C2585E6-A4BC-48AF-B706-A1BC02E10250}.Debug|x86.ActiveCfg = Debug|x86
		{6C2585E6-A4BC-48AF-B706-A1BC02E10250}.Debug|x86.Build.0 = Debug|x86
		{6C2585E6-A4BC-48AF-B706-A1BC02E10250}.Release|Any CPU.ActiveCfg = Release|x86
		{6C2585E6-A4BC-48AF-B706-A1BC02E10250}.Release|Mixed Platforms.ActiveCfg = Release|x86
		{6C2585E6-A4BC-48AF-B706-A1BC02E10250}.Release|Mixed Platforms.Build.0 = Release|x86
		{6C2585E6-A4BC-48AF-B706-A1BC02E10250}.Release|x86.ActiveCfg = Release|x86
		{6C2585E6-A4BC-48AF-B706-A1BC02E10250}.Release|x86.Build.0 = Release|x86
		{77E6A958-B01F-410A-B286-2F4CA3BFC04A}.Debug|Any CPU.ActiveCfg = Debug|Any CPU
		{77E6A958-B01F-410A-B286-2F4CA3BFC04A}.Debug|Any CPU.Build.0 = Debug|Any CPU
		{77E6A958-B01F-410A-B286-2F4CA3BFC04A}.Debug|Mixed Platforms.ActiveCfg = Debug|Any CPU
		{77E6A958-B01F-410A-B286-2F4CA3BFC04A}.Debug|Mixed Platforms.Build.0 = Debug|Any CPU
		{77E6A958-B01F-410A-B286-2F4CA3BFC04A}.Debug|x86.ActiveCfg = Debug|Any CPU
		{77E6A958-B01F-410A-B286-2F4CA3BFC04A}.Release|Any CPU.ActiveCfg = Release|Any CPU
		{77E6A958-B01F-410A-B286-2F4CA3BFC04A}.Release|Any CPU.Build.0 = Release|Any CPU
		{77E6A958-B01F-410A-B286-2F4CA3BFC04A}.Release|Mixed Platforms.ActiveCfg = Release|Any CPU
		{77E6A958-B01F-410A-B286-2F4CA3BFC04A}.Release|Mixed Platforms.Build.0 = Release|Any CPU
		{77E6A958-B01F-410A-B286-2F4CA3BFC04A}.Release|x86.ActiveCfg = Release|Any CPU
		{27AC1027-1DE4-45DF-884B-92D8526BB1D4}.Debug|Any CPU.ActiveCfg = Debug|Any CPU
		{27AC1027-1DE4-45DF-884B-92D8526BB1D4}.Debug|Any CPU.Build.0 = Debug|Any CPU
		{27AC1027-1DE4-45DF-884B-92D8526BB1D4}.Debug|Mixed Platforms.ActiveCfg = Debug|Any CPU
		{27AC1027-1DE4-45DF-884B-92D8526BB1D4}.Debug|Mixed Platforms.Build.0 = Debug|Any CPU
		{27AC1027-1DE4-45DF-884B-92D8526BB1D4}.Debug|x86.ActiveCfg = Debug|Any CPU
		{27AC1027-1DE4-45DF-884B-92D8526BB1D4}.Release|Any CPU.ActiveCfg = Release|Any CPU
		{27AC1027-1DE4-45DF-884B-92D8526BB1D4}.Release|Any CPU.Build.0 = Release|Any CPU
		{27AC1027-1DE4-45DF-884B-92D8526BB1D4}.Release|Mixed Platforms.ActiveCfg = Release|Any CPU
		{27AC1027-1DE4-45DF-884B-92D8526BB1D4}.Release|Mixed Platforms.Build.0 = Release|Any CPU
		{27AC1027-1DE4-45DF-884B-92D8526BB1D4}.Release|x86.ActiveCfg = Release|Any CPU
		{CE03CD48-F5A4-47D4-9440-88604DCD8624}.Debug|Any CPU.ActiveCfg = Debug|Any CPU
		{CE03CD48-F5A4-47D4-9440-88604DCD8624}.Debug|Any CPU.Build.0 = Debug|Any CPU
		{CE03CD48-F5A4-47D4-9440-88604DCD8624}.Debug|Mixed Platforms.ActiveCfg = Debug|Any CPU
		{CE03CD48-F5A4-47D4-9440-88604DCD8624}.Debug|Mixed Platforms.Build.0 = Debug|Any CPU
		{CE03CD48-F5A4-47D4-9440-88604DCD8624}.Debug|x86.ActiveCfg = Debug|Any CPU
		{CE03CD48-F5A4-47D4-9440-88604DCD8624}.Release|Any CPU.ActiveCfg = Release|Any CPU
		{CE03CD48-F5A4-47D4-9440-88604DCD8624}.Release|Any CPU.Build.0 = Release|Any CPU
		{CE03CD48-F5A4-47D4-9440-88604DCD8624}.Release|Mixed Platforms.ActiveCfg = Release|Any CPU
		{CE03CD48-F5A4-47D4-9440-88604DCD8624}.Release|Mixed Platforms.Build.0 = Release|Any CPU
		{CE03CD48-F5A4-47D4-9440-88604DCD8624}.Release|x86.ActiveCfg = Release|Any CPU
		{EBCA65E2-414A-46B1-A170-8E6B8D1F93DD}.Debug|Any CPU.ActiveCfg = Debug|Any CPU
		{EBCA65E2-414A-46B1-A170-8E6B8D1F93DD}.Debug|Any CPU.Build.0 = Debug|Any CPU
		{EBCA65E2-414A-46B1-A170-8E6B8D1F93DD}.Debug|Mixed Platforms.ActiveCfg = Debug|Any CPU
		{EBCA65E2-414A-46B1-A170-8E6B8D1F93DD}.Debug|Mixed Platforms.Build.0 = Debug|Any CPU
		{EBCA65E2-414A-46B1-A170-8E6B8D1F93DD}.Debug|x86.ActiveCfg = Debug|Any CPU
		{EBCA65E2-414A-46B1-A170-8E6B8D1F93DD}.Release|Any CPU.ActiveCfg = Release|Any CPU
		{EBCA65E2-414A-46B1-A170-8E6B8D1F93DD}.Release|Any CPU.Build.0 = Release|Any CPU
		{EBCA65E2-414A-46B1-A170-8E6B8D1F93DD}.Release|Mixed Platforms.ActiveCfg = Release|Any CPU
		{EBCA65E2-414A-46B1-A170-8E6B8D1F93DD}.Release|Mixed Platforms.Build.0 = Release|Any CPU
		{EBCA65E2-414A-46B1-A170-8E6B8D1F93DD}.Release|x86.ActiveCfg = Release|Any CPU
	EndGlobalSection
	GlobalSection(SolutionProperties) = preSolution
		HideSolutionNode = FALSE
	EndGlobalSection
EndGlobal
